// !$*UTF8*$!
{
	archiveVersion = 1;
	classes = {
	};
	objectVersion = 77;
	objects = {

/* Begin PBXContainerItemProxy section */
		EE860BF52DEE936300C1BE29 /* PBXContainerItemProxy */ = {
			isa = PBXContainerItemProxy;
			containerPortal = EE860BDF2DEE936000C1BE29 /* Project object */;
			proxyType = 1;
			remoteGlobalIDString = EE860BE62DEE936000C1BE29;
			remoteInfo = "Empyrean-THP";
		};
		EE860BFF2DEE936300C1BE29 /* PBXContainerItemProxy */ = {
			isa = PBXContainerItemProxy;
			containerPortal = EE860BDF2DEE936000C1BE29 /* Project object */;
			proxyType = 1;
			remoteGlobalIDString = EE860BE62DEE936000C1BE29;
			remoteInfo = "Empyrean-THP";
		};
/* End PBXContainerItemProxy section */

/* Begin PBXFileReference section */
		EE860BE72DEE936000C1BE29 /* Empyrean-THP.app */ = {isa = PBXFileReference; explicitFileType = wrapper.application; includeInIndex = 0; path = "Empyrean-THP.app"; sourceTree = BUILT_PRODUCTS_DIR; };
		EE860BF42DEE936300C1BE29 /* Empyrean-THPTests.xctest */ = {isa = PBXFileReference; explicitFileType = wrapper.cfbundle; includeInIndex = 0; path = "Empyrean-THPTests.xctest"; sourceTree = BUILT_PRODUCTS_DIR; };
		EE860BFE2DEE936300C1BE29 /* Empyrean-THPUITests.xctest */ = {isa = PBXFileReference; explicitFileType = wrapper.cfbundle; includeInIndex = 0; path = "Empyrean-THPUITests.xctest"; sourceTree = BUILT_PRODUCTS_DIR; };
/* End PBXFileReference section */

/* Begin PBXFileSystemSynchronizedRootGroup section */
		EE860BE92DEE936000C1BE29 /* Empyrean-THP */ = {
			isa = PBXFileSystemSynchronizedRootGroup;
			path = "Empyrean-THP";
			sourceTree = "<group>";
		};
		EE860BF72DEE936300C1BE29 /* Empyrean-THPTests */ = {
			isa = PBXFileSystemSynchronizedRootGroup;
			path = "Empyrean-THPTests";
			sourceTree = "<group>";
		};
		EE860C012DEE936300C1BE29 /* Empyrean-THPUITests */ = {
			isa = PBXFileSystemSynchronizedRootGroup;
			path = "Empyrean-THPUITests";
			sourceTree = "<group>";
		};
/* End PBXFileSystemSynchronizedRootGroup section */

/* Begin PBXFrameworksBuildPhase section */
		EE860BE42DEE936000C1BE29 /* Frameworks */ = {
			isa = PBXFrameworksBuildPhase;
			buildActionMask = 2147483647;
			files = (
			);
			runOnlyForDeploymentPostprocessing = 0;
		};
		EE860BF12DEE936300C1BE29 /* Frameworks */ = {
			isa = PBXFrameworksBuildPhase;
			buildActionMask = 2147483647;
			files = (
			);
			runOnlyForDeploymentPostprocessing = 0;
		};
		EE860BFB2DEE936300C1BE29 /* Frameworks */ = {
			isa = PBXFrameworksBuildPhase;
			buildActionMask = 2147483647;
			files = (
			);
			runOnlyForDeploymentPostprocessing = 0;
		};
/* End PBXFrameworksBuildPhase section */

/* Begin PBXGroup section */
		EE860BDE2DEE936000C1BE29 = {
			isa = PBXGroup;
			children = (
				EE860BE92DEE936000C1BE29 /* Empyrean-THP */,
				EE860BF72DEE936300C1BE29 /* Empyrean-THPTests */,
				EE860C012DEE936300C1BE29 /* Empyrean-THPUITests */,
				EE860BE82DEE936000C1BE29 /* Products */,
			);
			sourceTree = "<group>";
		};
		EE860BE82DEE936000C1BE29 /* Products */ = {
			isa = PBXGroup;
			children = (
				EE860BE72DEE936000C1BE29 /* Empyrean-THP.app */,
				EE860BF42DEE936300C1BE29 /* Empyrean-THPTests.xctest */,
				EE860BFE2DEE936300C1BE29 /* Empyrean-THPUITests.xctest */,
			);
			name = Products;
			sourceTree = "<group>";
		};
/* End PBXGroup section */

/* Begin PBXNativeTarget section */
		EE860BE62DEE936000C1BE29 /* Empyrean-THP */ = {
			isa = PBXNativeTarget;
			buildConfigurationList = EE860C082DEE936300C1BE29 /* Build configuration list for PBXNativeTarget "Empyrean-THP" */;
			buildPhases = (
				EE860BE32DEE936000C1BE29 /* Sources */,
				EE860BE42DEE936000C1BE29 /* Frameworks */,
				EE860BE52DEE936000C1BE29 /* Resources */,
			);
			buildRules = (
			);
			dependencies = (
			);
			fileSystemSynchronizedGroups = (
				EE860BE92DEE936000C1BE29 /* Empyrean-THP */,
			);
			name = "Empyrean-THP";
			packageProductDependencies = (
			);
			productName = "Empyrean-THP";
			productReference = EE860BE72DEE936000C1BE29 /* Empyrean-THP.app */;
			productType = "com.apple.product-type.application";
		};
		EE860BF32DEE936300C1BE29 /* Empyrean-THPTests */ = {
			isa = PBXNativeTarget;
			buildConfigurationList = EE860C0B2DEE936300C1BE29 /* Build configuration list for PBXNativeTarget "Empyrean-THPTests" */;
			buildPhases = (
				EE860BF02DEE936300C1BE29 /* Sources */,
				EE860BF12DEE936300C1BE29 /* Frameworks */,
				EE860BF22DEE936300C1BE29 /* Resources */,
			);
			buildRules = (
			);
			dependencies = (
				EE860BF62DEE936300C1BE29 /* PBXTargetDependency */,
			);
			fileSystemSynchronizedGroups = (
				EE860BF72DEE936300C1BE29 /* Empyrean-THPTests */,
			);
			name = "Empyrean-THPTests";
			packageProductDependencies = (
			);
			productName = "Empyrean-THPTests";
			productReference = EE860BF42DEE936300C1BE29 /* Empyrean-THPTests.xctest */;
			productType = "com.apple.product-type.bundle.unit-test";
		};
		EE860BFD2DEE936300C1BE29 /* Empyrean-THPUITests */ = {
			isa = PBXNativeTarget;
			buildConfigurationList = EE860C0E2DEE936300C1BE29 /* Build configuration list for PBXNativeTarget "Empyrean-THPUITests" */;
			buildPhases = (
				EE860BFA2DEE936300C1BE29 /* Sources */,
				EE860BFB2DEE936300C1BE29 /* Frameworks */,
				EE860BFC2DEE936300C1BE29 /* Resources */,
			);
			buildRules = (
			);
			dependencies = (
				EE860C002DEE936300C1BE29 /* PBXTargetDependency */,
			);
			fileSystemSynchronizedGroups = (
				EE860C012DEE936300C1BE29 /* Empyrean-THPUITests */,
			);
			name = "Empyrean-THPUITests";
			packageProductDependencies = (
			);
			productName = "Empyrean-THPUITests";
			productReference = EE860BFE2DEE936300C1BE29 /* Empyrean-THPUITests.xctest */;
			productType = "com.apple.product-type.bundle.ui-testing";
		};
/* End PBXNativeTarget section */

/* Begin PBXProject section */
		EE860BDF2DEE936000C1BE29 /* Project object */ = {
			isa = PBXProject;
			attributes = {
				BuildIndependentTargetsInParallel = 1;
				LastSwiftUpdateCheck = 1640;
				LastUpgradeCheck = 1640;
				TargetAttributes = {
					EE860BE62DEE936000C1BE29 = {
						CreatedOnToolsVersion = 16.4;
					};
					EE860BF32DEE936300C1BE29 = {
						CreatedOnToolsVersion = 16.4;
						TestTargetID = EE860BE62DEE936000C1BE29;
					};
					EE860BFD2DEE936300C1BE29 = {
						CreatedOnToolsVersion = 16.4;
						TestTargetID = EE860BE62DEE936000C1BE29;
					};
				};
			};
			buildConfigurationList = EE860BE22DEE936000C1BE29 /* Build configuration list for PBXProject "Empyrean-THP" */;
			developmentRegion = en;
			hasScannedForEncodings = 0;
			knownRegions = (
				en,
				Base,
			);
			mainGroup = EE860BDE2DEE936000C1BE29;
			minimizedProjectReferenceProxies = 1;
			preferredProjectObjectVersion = 77;
			productRefGroup = EE860BE82DEE936000C1BE29 /* Products */;
			projectDirPath = "";
			projectRoot = "";
			targets = (
				EE860BE62DEE936000C1BE29 /* Empyrean-THP */,
				EE860BF32DEE936300C1BE29 /* Empyrean-THPTests */,
				EE860BFD2DEE936300C1BE29 /* Empyrean-THPUITests */,
			);
		};
/* End PBXProject section */

/* Begin PBXResourcesBuildPhase section */
		EE860BE52DEE936000C1BE29 /* Resources */ = {
			isa = PBXResourcesBuildPhase;
			buildActionMask = 2147483647;
			files = (
			);
			runOnlyForDeploymentPostprocessing = 0;
		};
		EE860BF22DEE936300C1BE29 /* Resources */ = {
			isa = PBXResourcesBuildPhase;
			buildActionMask = 2147483647;
			files = (
			);
			runOnlyForDeploymentPostprocessing = 0;
		};
		EE860BFC2DEE936300C1BE29 /* Resources */ = {
			isa = PBXResourcesBuildPhase;
			buildActionMask = 2147483647;
			files = (
			);
			runOnlyForDeploymentPostprocessing = 0;
		};
/* End PBXResourcesBuildPhase section */

/* Begin PBXSourcesBuildPhase section */
		EE860BE32DEE936000C1BE29 /* Sources */ = {
			isa = PBXSourcesBuildPhase;
			buildActionMask = 2147483647;
			files = (
			);
			runOnlyForDeploymentPostprocessing = 0;
		};
		EE860BF02DEE936300C1BE29 /* Sources */ = {
			isa = PBXSourcesBuildPhase;
			buildActionMask = 2147483647;
			files = (
			);
			runOnlyForDeploymentPostprocessing = 0;
		};
		EE860BFA2DEE936300C1BE29 /* Sources */ = {
			isa = PBXSourcesBuildPhase;
			buildActionMask = 2147483647;
			files = (
			);
			runOnlyForDeploymentPostprocessing = 0;
		};
/* End PBXSourcesBuildPhase section */

/* Begin PBXTargetDependency section */
		EE860BF62DEE936300C1BE29 /* PBXTargetDependency */ = {
			isa = PBXTargetDependency;
			target = EE860BE62DEE936000C1BE29 /* Empyrean-THP */;
			targetProxy = EE860BF52DEE936300C1BE29 /* PBXContainerItemProxy */;
		};
		EE860C002DEE936300C1BE29 /* PBXTargetDependency */ = {
			isa = PBXTargetDependency;
			target = EE860BE62DEE936000C1BE29 /* Empyrean-THP */;
			targetProxy = EE860BFF2DEE936300C1BE29 /* PBXContainerItemProxy */;
		};
/* End PBXTargetDependency section */

/* Begin XCBuildConfiguration section */
		EE860C062DEE936300C1BE29 /* Debug */ = {
			isa = XCBuildConfiguration;
			buildSettings = {
				ALWAYS_SEARCH_USER_PATHS = NO;
				ASSETCATALOG_COMPILER_GENERATE_SWIFT_ASSET_SYMBOL_EXTENSIONS = YES;
				CLANG_ANALYZER_NONNULL = YES;
				CLANG_ANALYZER_NUMBER_OBJECT_CONVERSION = YES_AGGRESSIVE;
				CLANG_CXX_LANGUAGE_STANDARD = "gnu++20";
				CLANG_ENABLE_MODULES = YES;
				CLANG_ENABLE_OBJC_ARC = YES;
				CLANG_ENABLE_OBJC_WEAK = YES;
				CLANG_WARN_BLOCK_CAPTURE_AUTORELEASING = YES;
				CLANG_WARN_BOOL_CONVERSION = YES;
				CLANG_WARN_COMMA = YES;
				CLANG_WARN_CONSTANT_CONVERSION = YES;
				CLANG_WARN_DEPRECATED_OBJC_IMPLEMENTATIONS = YES;
				CLANG_WARN_DIRECT_OBJC_ISA_USAGE = YES_ERROR;
				CLANG_WARN_DOCUMENTATION_COMMENTS = YES;
				CLANG_WARN_EMPTY_BODY = YES;
				CLANG_WARN_ENUM_CONVERSION = YES;
				CLANG_WARN_INFINITE_RECURSION = YES;
				CLANG_WARN_INT_CONVERSION = YES;
				CLANG_WARN_NON_LITERAL_NULL_CONVERSION = YES;
				CLANG_WARN_OBJC_IMPLICIT_RETAIN_SELF = YES;
				CLANG_WARN_OBJC_LITERAL_CONVERSION = YES;
				CLANG_WARN_OBJC_ROOT_CLASS = YES_ERROR;
				CLANG_WARN_QUOTED_INCLUDE_IN_FRAMEWORK_HEADER = YES;
				CLANG_WARN_RANGE_LOOP_ANALYSIS = YES;
				CLANG_WARN_STRICT_PROTOTYPES = YES;
				CLANG_WARN_SUSPICIOUS_MOVE = YES;
				CLANG_WARN_UNGUARDED_AVAILABILITY = YES_AGGRESSIVE;
				CLANG_WARN_UNREACHABLE_CODE = YES;
				CLANG_WARN__DUPLICATE_METHOD_MATCH = YES;
				COPY_PHASE_STRIP = NO;
				DEBUG_INFORMATION_FORMAT = dwarf;
				DEVELOPMENT_TEAM = B65Y93ZT9R;
				ENABLE_STRICT_OBJC_MSGSEND = YES;
				ENABLE_TESTABILITY = YES;
				ENABLE_USER_SCRIPT_SANDBOXING = YES;
				GCC_C_LANGUAGE_STANDARD = gnu17;
				GCC_DYNAMIC_NO_PIC = NO;
				GCC_NO_COMMON_BLOCKS = YES;
				GCC_OPTIMIZATION_LEVEL = 0;
				GCC_PREPROCESSOR_DEFINITIONS = (
					"DEBUG=1",
					"$(inherited)",
				);
				GCC_WARN_64_TO_32_BIT_CONVERSION = YES;
				GCC_WARN_ABOUT_RETURN_TYPE = YES_ERROR;
				GCC_WARN_UNDECLARED_SELECTOR = YES;
				GCC_WARN_UNINITIALIZED_AUTOS = YES_AGGRESSIVE;
				GCC_WARN_UNUSED_FUNCTION = YES;
				GCC_WARN_UNUSED_VARIABLE = YES;
				IPHONEOS_DEPLOYMENT_TARGET = 18.5;
				LOCALIZATION_PREFERS_STRING_CATALOGS = YES;
				MTL_ENABLE_DEBUG_INFO = INCLUDE_SOURCE;
				MTL_FAST_MATH = YES;
				ONLY_ACTIVE_ARCH = YES;
				SDKROOT = iphoneos;
				SWIFT_ACTIVE_COMPILATION_CONDITIONS = "DEBUG $(inherited)";
				SWIFT_OPTIMIZATION_LEVEL = "-Onone";
			};
			name = Debug;
		};
		EE860C072DEE936300C1BE29 /* Release */ = {
			isa = XCBuildConfiguration;
			buildSettings = {
				ALWAYS_SEARCH_USER_PATHS = NO;
				ASSETCATALOG_COMPILER_GENERATE_SWIFT_ASSET_SYMBOL_EXTENSIONS = YES;
				CLANG_ANALYZER_NONNULL = YES;
				CLANG_ANALYZER_NUMBER_OBJECT_CONVERSION = YES_AGGRESSIVE;
				CLANG_CXX_LANGUAGE_STANDARD = "gnu++20";
				CLANG_ENABLE_MODULES = YES;
				CLANG_ENABLE_OBJC_ARC = YES;
				CLANG_ENABLE_OBJC_WEAK = YES;
				CLANG_WARN_BLOCK_CAPTURE_AUTORELEASING = YES;
				CLANG_WARN_BOOL_CONVERSION = YES;
				CLANG_WARN_COMMA = YES;
				CLANG_WARN_CONSTANT_CONVERSION = YES;
				CLANG_WARN_DEPRECATED_OBJC_IMPLEMENTATIONS = YES;
				CLANG_WARN_DIRECT_OBJC_ISA_USAGE = YES_ERROR;
				CLANG_WARN_DOCUMENTATION_COMMENTS = YES;
				CLANG_WARN_EMPTY_BODY = YES;
				CLANG_WARN_ENUM_CONVERSION = YES;
				CLANG_WARN_INFINITE_RECURSION = YES;
				CLANG_WARN_INT_CONVERSION = YES;
				CLANG_WARN_NON_LITERAL_NULL_CONVERSION = YES;
				CLANG_WARN_OBJC_IMPLICIT_RETAIN_SELF = YES;
				CLANG_WARN_OBJC_LITERAL_CONVERSION = YES;
				CLANG_WARN_OBJC_ROOT_CLASS = YES_ERROR;
				CLANG_WARN_QUOTED_INCLUDE_IN_FRAMEWORK_HEADER = YES;
				CLANG_WARN_RANGE_LOOP_ANALYSIS = YES;
				CLANG_WARN_STRICT_PROTOTYPES = YES;
				CLANG_WARN_SUSPICIOUS_MOVE = YES;
				CLANG_WARN_UNGUARDED_AVAILABILITY = YES_AGGRESSIVE;
				CLANG_WARN_UNREACHABLE_CODE = YES;
				CLANG_WARN__DUPLICATE_METHOD_MATCH = YES;
				COPY_PHASE_STRIP = NO;
				DEBUG_INFORMATION_FORMAT = "dwarf-with-dsym";
				DEVELOPMENT_TEAM = B65Y93ZT9R;
				ENABLE_NS_ASSERTIONS = NO;
				ENABLE_STRICT_OBJC_MSGSEND = YES;
				ENABLE_USER_SCRIPT_SANDBOXING = YES;
				GCC_C_LANGUAGE_STANDARD = gnu17;
				GCC_NO_COMMON_BLOCKS = YES;
				GCC_WARN_64_TO_32_BIT_CONVERSION = YES;
				GCC_WARN_ABOUT_RETURN_TYPE = YES_ERROR;
				GCC_WARN_UNDECLARED_SELECTOR = YES;
				GCC_WARN_UNINITIALIZED_AUTOS = YES_AGGRESSIVE;
				GCC_WARN_UNUSED_FUNCTION = YES;
				GCC_WARN_UNUSED_VARIABLE = YES;
				IPHONEOS_DEPLOYMENT_TARGET = 18.5;
				LOCALIZATION_PREFERS_STRING_CATALOGS = YES;
				MTL_ENABLE_DEBUG_INFO = NO;
				MTL_FAST_MATH = YES;
				SDKROOT = iphoneos;
				SWIFT_COMPILATION_MODE = wholemodule;
				VALIDATE_PRODUCT = YES;
			};
			name = Release;
		};
		EE860C092DEE936300C1BE29 /* Debug */ = {
			isa = XCBuildConfiguration;
			buildSettings = {
				ASSETCATALOG_COMPILER_APPICON_NAME = AppIcon;
				ASSETCATALOG_COMPILER_GLOBAL_ACCENT_COLOR_NAME = AccentColor;
				CODE_SIGN_STYLE = Automatic;
				CURRENT_PROJECT_VERSION = 1;
				DEVELOPMENT_TEAM = B65Y93ZT9R;
				ENABLE_PREVIEWS = YES;
				GENERATE_INFOPLIST_FILE = YES;
				INFOPLIST_KEY_UIApplicationSceneManifest_Generation = YES;
				INFOPLIST_KEY_UIApplicationSupportsIndirectInputEvents = YES;
				INFOPLIST_KEY_UILaunchScreen_Generation = YES;
				INFOPLIST_KEY_UISupportedInterfaceOrientations_iPad = "UIInterfaceOrientationPortrait UIInterfaceOrientationPortraitUpsideDown UIInterfaceOrientationLandscapeLeft UIInterfaceOrientationLandscapeRight";
				INFOPLIST_KEY_UISupportedInterfaceOrientations_iPhone = "UIInterfaceOrientationPortrait UIInterfaceOrientationLandscapeLeft UIInterfaceOrientationLandscapeRight";
				LD_RUNPATH_SEARCH_PATHS = (
					"$(inherited)",
					"@executable_path/Frameworks",
				);
				MARKETING_VERSION = 1.0;
				PRODUCT_BUNDLE_IDENTIFIER = "com.scg.Empyrean-THP.Empyrean-THP";
				PRODUCT_NAME = "$(TARGET_NAME)";
				SWIFT_EMIT_LOC_STRINGS = YES;
				SWIFT_VERSION = 5.0;
				TARGETED_DEVICE_FAMILY = "1,2";
			};
			name = Debug;
		};
		EE860C0A2DEE936300C1BE29 /* Release */ = {
			isa = XCBuildConfiguration;
			buildSettings = {
				ASSETCATALOG_COMPILER_APPICON_NAME = AppIcon;
				ASSETCATALOG_COMPILER_GLOBAL_ACCENT_COLOR_NAME = AccentColor;
				CODE_SIGN_STYLE = Automatic;
				CURRENT_PROJECT_VERSION = 1;
				DEVELOPMENT_TEAM = B65Y93ZT9R;
				ENABLE_PREVIEWS = YES;
				GENERATE_INFOPLIST_FILE = YES;
				INFOPLIST_KEY_UIApplicationSceneManifest_Generation = YES;
				INFOPLIST_KEY_UIApplicationSupportsIndirectInputEvents = YES;
				INFOPLIST_KEY_UILaunchScreen_Generation = YES;
				INFOPLIST_KEY_UISupportedInterfaceOrientations_iPad = "UIInterfaceOrientationPortrait UIInterfaceOrientationPortraitUpsideDown UIInterfaceOrientationLandscapeLeft UIInterfaceOrientationLandscapeRight";
				INFOPLIST_KEY_UISupportedInterfaceOrientations_iPhone = "UIInterfaceOrientationPortrait UIInterfaceOrientationLandscapeLeft UIInterfaceOrientationLandscapeRight";
				LD_RUNPATH_SEARCH_PATHS = (
					"$(inherited)",
					"@executable_path/Frameworks",
				);
				MARKETING_VERSION = 1.0;
				PRODUCT_BUNDLE_IDENTIFIER = "com.scg.Empyrean-THP.Empyrean-THP";
				PRODUCT_NAME = "$(TARGET_NAME)";
				SWIFT_EMIT_LOC_STRINGS = YES;
				SWIFT_VERSION = 5.0;
				TARGETED_DEVICE_FAMILY = "1,2";
			};
			name = Release;
		};
		EE860C0C2DEE936300C1BE29 /* Debug */ = {
			isa = XCBuildConfiguration;
			buildSettings = {
				BUNDLE_LOADER = "$(TEST_HOST)";
				CODE_SIGN_STYLE = Automatic;
				CURRENT_PROJECT_VERSION = 1;
				DEVELOPMENT_TEAM = B65Y93ZT9R;
				GENERATE_INFOPLIST_FILE = YES;
				IPHONEOS_DEPLOYMENT_TARGET = 18.5;
				MARKETING_VERSION = 1.0;
				PRODUCT_BUNDLE_IDENTIFIER = "com.scg.Empyrean-THP.Empyrean-THPTests";
				PRODUCT_NAME = "$(TARGET_NAME)";
				SWIFT_EMIT_LOC_STRINGS = NO;
				SWIFT_VERSION = 5.0;
				TARGETED_DEVICE_FAMILY = "1,2";
				TEST_HOST = "$(BUILT_PRODUCTS_DIR)/Empyrean-THP.app/$(BUNDLE_EXECUTABLE_FOLDER_PATH)/Empyrean-THP";
			};
			name = Debug;
		};
		EE860C0D2DEE936300C1BE29 /* Release */ = {
			isa = XCBuildConfiguration;
			buildSettings = {
				BUNDLE_LOADER = "$(TEST_HOST)";
				CODE_SIGN_STYLE = Automatic;
				CURRENT_PROJECT_VERSION = 1;
				DEVELOPMENT_TEAM = B65Y93ZT9R;
				GENERATE_INFOPLIST_FILE = YES;
				IPHONEOS_DEPLOYMENT_TARGET = 18.5;
				MARKETING_VERSION = 1.0;
				PRODUCT_BUNDLE_IDENTIFIER = "com.scg.Empyrean-THP.Empyrean-THPTests";
				PRODUCT_NAME = "$(TARGET_NAME)";
				SWIFT_EMIT_LOC_STRINGS = NO;
				SWIFT_VERSION = 5.0;
				TARGETED_DEVICE_FAMILY = "1,2";
				TEST_HOST = "$(BUILT_PRODUCTS_DIR)/Empyrean-THP.app/$(BUNDLE_EXECUTABLE_FOLDER_PATH)/Empyrean-THP";
			};
			name = Release;
		};
		EE860C0F2DEE936300C1BE29 /* Debug */ = {
			isa = XCBuildConfiguration;
			buildSettings = {
				CODE_SIGN_STYLE = Automatic;
				CURRENT_PROJECT_VERSION = 1;
				DEVELOPMENT_TEAM = B65Y93ZT9R;
				GENERATE_INFOPLIST_FILE = YES;
				MARKETING_VERSION = 1.0;
				PRODUCT_BUNDLE_IDENTIFIER = "com.scg.Empyrean-THP.Empyrean-THPUITests";
				PRODUCT_NAME = "$(TARGET_NAME)";
				SWIFT_EMIT_LOC_STRINGS = NO;
				SWIFT_VERSION = 5.0;
				TARGETED_DEVICE_FAMILY = "1,2";
				TEST_TARGET_NAME = "Empyrean-THP";
			};
			name = Debug;
		};
		EE860C102DEE936300C1BE29 /* Release */ = {
			isa = XCBuildConfiguration;
			buildSettings = {
				CODE_SIGN_STYLE = Automatic;
				CURRENT_PROJECT_VERSION = 1;
				DEVELOPMENT_TEAM = B65Y93ZT9R;
				GENERATE_INFOPLIST_FILE = YES;
				MARKETING_VERSION = 1.0;
				PRODUCT_BUNDLE_IDENTIFIER = "com.scg.Empyrean-THP.Empyrean-THPUITests";
				PRODUCT_NAME = "$(TARGET_NAME)";
				SWIFT_EMIT_LOC_STRINGS = NO;
				SWIFT_VERSION = 5.0;
				TARGETED_DEVICE_FAMILY = "1,2";
				TEST_TARGET_NAME = "Empyrean-THP";
			};
			name = Release;
		};
/* End XCBuildConfiguration section */

/* Begin XCConfigurationList section */
		EE860BE22DEE936000C1BE29 /* Build configuration list for PBXProject "Empyrean-THP" */ = {
			isa = XCConfigurationList;
			buildConfigurations = (
				EE860C062DEE936300C1BE29 /* Debug */,
				EE860C072DEE936300C1BE29 /* Release */,
			);
			defaultConfigurationIsVisible = 0;
			defaultConfigurationName = Release;
		};
		EE860C082DEE936300C1BE29 /* Build configuration list for PBXNativeTarget "Empyrean-THP" */ = {
			isa = XCConfigurationList;
			buildConfigurations = (
				EE860C092DEE936300C1BE29 /* Debug */,
				EE860C0A2DEE936300C1BE29 /* Release */,
			);
			defaultConfigurationIsVisible = 0;
			defaultConfigurationName = Release;
		};
		EE860C0B2DEE936300C1BE29 /* Build configuration list for PBXNativeTarget "Empyrean-THPTests" */ = {
			isa = XCConfigurationList;
			buildConfigurations = (
				EE860C0C2DEE936300C1BE29 /* Debug */,
				EE860C0D2DEE936300C1BE29 /* Release */,
			);
			defaultConfigurationIsVisible = 0;
			defaultConfigurationName = Release;
		};
		EE860C0E2DEE936300C1BE29 /* Build configuration list for PBXNativeTarget "Empyrean-THPUITests" */ = {
			isa = XCConfigurationList;
			buildConfigurations = (
				EE860C0F2DEE936300C1BE29 /* Debug */,
				EE860C102DEE936300C1BE29 /* Release */,
			);
			defaultConfigurationIsVisible = 0;
			defaultConfigurationName = Release;
		};
/* End XCConfigurationList section */
	};
	rootObject = EE860BDF2DEE936000C1BE29 /* Project object */;
}
